<?xml version="1.0" encoding="utf-8"?>
<Project ToolsVersion="17.0" xmlns="http://schemas.microsoft.com/developer/msbuild/2003">
  <ItemGroup>
    <ClCompile Include="C:\github\Algorithms-and-Data-Structures-main\Algorithms-and-Data-Structures-main\gtest\gtest-all.cc">
      <Filter>Source Files</Filter>
    </ClCompile>
  </ItemGroup>
  <ItemGroup>
    <ClInclude Include="C:\github\Algorithms-and-Data-Structures-main\Algorithms-and-Data-Structures-main\gtest\gtest.h">
      <Filter>Header Files</Filter>
    </ClInclude>
  </ItemGroup>
  <ItemGroup>
    <CustomBuild Include="C:\github\Algorithms-and-Data-Structures-main\Algorithms-and-Data-Structures-main\gtest\CMakeLists.txt" />
  </ItemGroup>
  <ItemGroup>
    <Filter Include="Header Files">
      <UniqueIdentifier>{EB624420-86D0-314C-9006-3C31B383465D}</UniqueIdentifier>
    </Filter>
    <Filter Include="Source Files">
      <UniqueIdentifier>{E067D3FA-9EDE-363C-9F00-7E6EFF54B363}</UniqueIdentifier>
    </Filter>
  </ItemGroup>
</Project>
